
Microsoft Visual Studio Solution File, Format Version 12.00
# Visual Studio 2012
Project("{FAE04EC0-301F-11D3-BF4B-00C04F79EFBC}") = "VehmonWebServices", "VehmonWebServices\VehmonWebServices.csproj", "{F9B0FBFD-4C90-48DB-9E2D-504EAF9272A4}"
EndProject
Project("{FAE04EC0-301F-11D3-BF4B-00C04F79EFBC}") = "TestServices", "TestServices\TestServices.csproj", "{BF0AF638-9268-408C-960A-EF555349F3FC}"
EndProject
Project("{FAE04EC0-301F-11D3-BF4B-00C04F79EFBC}") = "DAL", "DAL\DAL.csproj", "{A786B39E-29E7-4092-A31E-2444638F914A}"
EndProject
Project("{FAE04EC0-301F-11D3-BF4B-00C04F79EFBC}") = "Logic", "Logic\Logic.csproj", "{6F20336A-F695-4169-BB78-E83EF4EF7428}"
EndProject
Project("{2150E333-8FDC-42A3-9474-1A3956D46DE8}") = "TestProjects", "TestProjects", "{79B242FD-0479-4551-B67A-7B536233D118}"
EndProject
Project("{FAE04EC0-301F-11D3-BF4B-00C04F79EFBC}") = "TestLogic", "TestLogic\TestLogic.csproj", "{6614CF34-9A7A-4A7D-8C18-312807211235}"
EndProject
Project("{2150E333-8FDC-42A3-9474-1A3956D46DE8}") = ".nuget", ".nuget", "{6E993581-FB9D-4AE8-BE5A-1B393C8FAA6A}"
	ProjectSection(SolutionItems) = preProject
		.nuget\NuGet.Config = .nuget\NuGet.Config
		.nuget\NuGet.exe = .nuget\NuGet.exe
		.nuget\NuGet.targets = .nuget\NuGet.targets
	EndProjectSection
EndProject
Project("{FAE04EC0-301F-11D3-BF4B-00C04F79EFBC}") = "SetupDb", "SetupDb\SetupDb.csproj", "{276AE551-6D58-4BE5-B088-D68E674925A3}"
EndProject
Project("{2150E333-8FDC-42A3-9474-1A3956D46DE8}") = "Solution Items", "Solution Items", "{70C97E23-B7E1-4AA6-BA36-E0491FB69364}"
	ProjectSection(SolutionItems) = preProject
		DbScripts\db.sql = DbScripts\db.sql
	EndProjectSection
EndProject
Project("{FAE04EC0-301F-11D3-BF4B-00C04F79EFBC}") = "WehmonWeb", "WehmonWeb\WehmonWeb.csproj", "{84B4BDE4-95D6-4C64-9C28-31E82E31138B}"
EndProject
Project("{2150E333-8FDC-42A3-9474-1A3956D46DE8}") = "WebServices", "WebServices", "{4B987DAE-2B40-4A5E-B519-F1C529EB24A4}"
EndProject
Project("{2150E333-8FDC-42A3-9474-1A3956D46DE8}") = "Web", "Web", "{35EB2D1D-CA8F-47BA-8002-D2E74E6D0D92}"
EndProject
Project("{FAE04EC0-301F-11D3-BF4B-00C04F79EFBC}") = "WebLogic", "WebLogic\WebLogic.csproj", "{689B8B83-0F68-4E79-9CAC-46F0CFA49851}"
EndProject
Project("{FAE04EC0-301F-11D3-BF4B-00C04F79EFBC}") = "WebDAL", "WebDAL\WebDAL.csproj", "{28C35E65-A462-429B-8FF0-70FF650DF4F9}"
EndProject
Global
	GlobalSection(SolutionConfigurationPlatforms) = preSolution
		Debug|Any CPU = Debug|Any CPU
		Release|Any CPU = Release|Any CPU
	EndGlobalSection
	GlobalSection(ProjectConfigurationPlatforms) = postSolution
		{F9B0FBFD-4C90-48DB-9E2D-504EAF9272A4}.Debug|Any CPU.ActiveCfg = Debug|Any CPU
		{F9B0FBFD-4C90-48DB-9E2D-504EAF9272A4}.Debug|Any CPU.Build.0 = Debug|Any CPU
		{F9B0FBFD-4C90-48DB-9E2D-504EAF9272A4}.Release|Any CPU.ActiveCfg = Release|Any CPU
		{F9B0FBFD-4C90-48DB-9E2D-504EAF9272A4}.Release|Any CPU.Build.0 = Release|Any CPU
		{BF0AF638-9268-408C-960A-EF555349F3FC}.Debug|Any CPU.ActiveCfg = Debug|Any CPU
		{BF0AF638-9268-408C-960A-EF555349F3FC}.Debug|Any CPU.Build.0 = Debug|Any CPU
		{BF0AF638-9268-408C-960A-EF555349F3FC}.Release|Any CPU.ActiveCfg = Release|Any CPU
		{BF0AF638-9268-408C-960A-EF555349F3FC}.Release|Any CPU.Build.0 = Release|Any CPU
		{A786B39E-29E7-4092-A31E-2444638F914A}.Debug|Any CPU.ActiveCfg = Debug|Any CPU
		{A786B39E-29E7-4092-A31E-2444638F914A}.Debug|Any CPU.Build.0 = Debug|Any CPU
		{A786B39E-29E7-4092-A31E-2444638F914A}.Release|Any CPU.ActiveCfg = Release|Any CPU
		{A786B39E-29E7-4092-A31E-2444638F914A}.Release|Any CPU.Build.0 = Release|Any CPU
		{6F20336A-F695-4169-BB78-E83EF4EF7428}.Debug|Any CPU.ActiveCfg = Debug|Any CPU
		{6F20336A-F695-4169-BB78-E83EF4EF7428}.Debug|Any CPU.Build.0 = Debug|Any CPU
		{6F20336A-F695-4169-BB78-E83EF4EF7428}.Release|Any CPU.ActiveCfg = Release|Any CPU
		{6F20336A-F695-4169-BB78-E83EF4EF7428}.Release|Any CPU.Build.0 = Release|Any CPU
		{6614CF34-9A7A-4A7D-8C18-312807211235}.Debug|Any CPU.ActiveCfg = Debug|Any CPU
		{6614CF34-9A7A-4A7D-8C18-312807211235}.Debug|Any CPU.Build.0 = Debug|Any CPU
		{6614CF34-9A7A-4A7D-8C18-312807211235}.Release|Any CPU.ActiveCfg = Release|Any CPU
		{6614CF34-9A7A-4A7D-8C18-312807211235}.Release|Any CPU.Build.0 = Release|Any CPU
		{276AE551-6D58-4BE5-B088-D68E674925A3}.Debug|Any CPU.ActiveCfg = Debug|Any CPU
		{276AE551-6D58-4BE5-B088-D68E674925A3}.Debug|Any CPU.Build.0 = Debug|Any CPU
		{276AE551-6D58-4BE5-B088-D68E674925A3}.Release|Any CPU.ActiveCfg = Release|Any CPU
		{276AE551-6D58-4BE5-B088-D68E674925A3}.Release|Any CPU.Build.0 = Release|Any CPU
		{84B4BDE4-95D6-4C64-9C28-31E82E31138B}.Debug|Any CPU.ActiveCfg = Debug|Any CPU
		{84B4BDE4-95D6-4C64-9C28-31E82E31138B}.Debug|Any CPU.Build.0 = Debug|Any CPU
		{84B4BDE4-95D6-4C64-9C28-31E82E31138B}.Release|Any CPU.ActiveCfg = Release|Any CPU
		{84B4BDE4-95D6-4C64-9C28-31E82E31138B}.Release|Any CPU.Build.0 = Release|Any CPU
		{689B8B83-0F68-4E79-9CAC-46F0CFA49851}.Debug|Any CPU.ActiveCfg = Debug|Any CPU
		{689B8B83-0F68-4E79-9CAC-46F0CFA49851}.Debug|Any CPU.Build.0 = Debug|Any CPU
		{689B8B83-0F68-4E79-9CAC-46F0CFA49851}.Release|Any CPU.ActiveCfg = Release|Any CPU
		{689B8B83-0F68-4E79-9CAC-46F0CFA49851}.Release|Any CPU.Build.0 = Release|Any CPU
		{28C35E65-A462-429B-8FF0-70FF650DF4F9}.Debug|Any CPU.ActiveCfg = Debug|Any CPU
		{28C35E65-A462-429B-8FF0-70FF650DF4F9}.Debug|Any CPU.Build.0 = Debug|Any CPU
		{28C35E65-A462-429B-8FF0-70FF650DF4F9}.Release|Any CPU.ActiveCfg = Release|Any CPU
		{28C35E65-A462-429B-8FF0-70FF650DF4F9}.Release|Any CPU.Build.0 = Release|Any CPU
	EndGlobalSection
	GlobalSection(SolutionProperties) = preSolution
		HideSolutionNode = FALSE
	EndGlobalSection
	GlobalSection(NestedProjects) = preSolution
		{BF0AF638-9268-408C-960A-EF555349F3FC} = {4B987DAE-2B40-4A5E-B519-F1C529EB24A4}
		{A786B39E-29E7-4092-A31E-2444638F914A} = {4B987DAE-2B40-4A5E-B519-F1C529EB24A4}
		{6F20336A-F695-4169-BB78-E83EF4EF7428} = {4B987DAE-2B40-4A5E-B519-F1C529EB24A4}
		{F9B0FBFD-4C90-48DB-9E2D-504EAF9272A4} = {4B987DAE-2B40-4A5E-B519-F1C529EB24A4}
		{6614CF34-9A7A-4A7D-8C18-312807211235} = {79B242FD-0479-4551-B67A-7B536233D118}
		{276AE551-6D58-4BE5-B088-D68E674925A3} = {79B242FD-0479-4551-B67A-7B536233D118}
		{84B4BDE4-95D6-4C64-9C28-31E82E31138B} = {35EB2D1D-CA8F-47BA-8002-D2E74E6D0D92}
		{689B8B83-0F68-4E79-9CAC-46F0CFA49851} = {35EB2D1D-CA8F-47BA-8002-D2E74E6D0D92}
		{28C35E65-A462-429B-8FF0-70FF650DF4F9} = {35EB2D1D-CA8F-47BA-8002-D2E74E6D0D92}
	EndGlobalSection
EndGlobal
